<?xml version="1.0" encoding="utf-8"?>
<Project ToolsVersion="4.0" xmlns="http://schemas.microsoft.com/developer/msbuild/2003">
  <ItemGroup>
    <ClInclude Include="accumulation_helper.xrh">
      <Filter>Deffered rendering pipeline\Light accumulating stage\Helpers</Filter>
    </ClInclude>
    <ClInclude Include="gbuffer.xrh">
      <Filter>Deffered rendering pipeline\GBuffer stage\Helpers</Filter>
    </ClInclude>
    <ClInclude Include="displacement.xrh">
      <Filter>Deffered rendering pipeline\GBuffer stage\Helpers</Filter>
    </ClInclude>
    <ClInclude Include="lightmap.xrh">
      <Filter>Deffered rendering pipeline\GBuffer stage\Helpers</Filter>
    </ClInclude>
    <ClInclude Include="material.xrh">
      <Filter>Deffered rendering pipeline\GBuffer stage\Helpers</Filter>
    </ClInclude>
    <ClInclude Include="normal_map_functions.xrh">
      <Filter>Deffered rendering pipeline\GBuffer stage\Helpers</Filter>
    </ClInclude>
    <ClInclude Include="ambient_light.xrh">
      <Filter>Deffered rendering pipeline\Scene combine stage\Helpers</Filter>
    </ClInclude>
    <ClInclude Include="reflection.xrh">
      <Filter>Deffered rendering pipeline\Scene combine stage\Helpers</Filter>
    </ClInclude>
    <ClInclude Include="common.xrh">
      <Filter>Helpers\Common</Filter>
    </ClInclude>
    <ClInclude Include="common_define_associations.xrh">
      <Filter>Helpers\Common</Filter>
    </ClInclude>
    <ClInclude Include="common_defines.xrh">
      <Filter>Helpers\Common</Filter>
    </ClInclude>
    <ClInclude Include="common_functions.xrh">
      <Filter>Helpers\Common</Filter>
    </ClInclude>
    <ClInclude Include="common_iostructs.xrh">
      <Filter>Helpers\Common</Filter>
    </ClInclude>
    <ClInclude Include="common_policies.xrh">
      <Filter>Helpers\Common</Filter>
    </ClInclude>
    <ClInclude Include="common_samplers.xrh">
      <Filter>Helpers\Common</Filter>
    </ClInclude>
    <ClInclude Include="common_uniforms.xrh">
      <Filter>Helpers\Common</Filter>
    </ClInclude>
    <ClInclude Include="filters.xrh">
      <Filter>Helpers\Misc</Filter>
    </ClInclude>
    <ClInclude Include="shadow_filtering.xrh">
      <Filter>Deffered rendering pipeline\Light accumulating stage\Helpers</Filter>
    </ClInclude>
    <ClInclude Include="terrain_helper.xrh">
      <Filter>Deffered rendering pipeline\GBuffer stage\Helpers</Filter>
    </ClInclude>
    <ClInclude Include="TBN.xrh">
      <Filter>Deffered rendering pipeline\GBuffer stage\Helpers</Filter>
    </ClInclude>
    <ClInclude Include="contrast_adaptive_sharpening.xrh">
      <Filter>Forward rendering pipeline\Postprocess\Contrast adaptive sharpening</Filter>
    </ClInclude>
    <ClInclude Include="fxaa_atoc.xrh">
      <Filter>Deffered rendering pipeline\GBuffer stage\Helpers</Filter>
    </ClInclude>
    <ClInclude Include="alpha_test.xrh">
      <Filter>Deffered rendering pipeline\GBuffer stage\Helpers</Filter>
    </ClInclude>
    <ClInclude Include="hashed_alpha.xrh">
      <Filter>Deffered rendering pipeline\GBuffer stage\Helpers</Filter>
    </ClInclude>
    <ClInclude Include="common_shared.xrh">
      <Filter>Helpers\Common</Filter>
    </ClInclude>
    <ClInclude Include="BRDF.xrh">
      <Filter>Deffered rendering pipeline\Light accumulating stage\Helpers</Filter>
    </ClInclude>
    <ClInclude Include="ao_from_height.xrh">
      <Filter>Deffered rendering pipeline\GBuffer stage\Helpers</Filter>
    </ClInclude>
    <ClInclude Include="material_components.xrh">
      <Filter>Deffered rendering pipeline\GBuffer stage\Helpers</Filter>
    </ClInclude>
    <ClInclude Include="fxaa.xrh">
      <Filter>Forward rendering pipeline\Postprocess\Anti-Aliasing</Filter>
    </ClInclude>
    <ClInclude Include="reflections_ssr.xrh">
      <Filter>Forward rendering pipeline\Postprocess\Reflections</Filter>
    </ClInclude>
    <ClInclude Include="screen_space_shadows.xrh">
      <Filter>Deffered rendering pipeline\Light accumulating stage\Helpers</Filter>
    </ClInclude>
  </ItemGroup>
  <ItemGroup>
    <None Include="accumulating_light_stage_mask.vs">
      <Filter>Deffered rendering pipeline\Light accumulating stage\Masking</Filter>
    </None>
    <None Include="accumulating_light_stage_sun_mask.ps">
      <Filter>Deffered rendering pipeline\Light accumulating stage\Masking</Filter>
    </None>
    <None Include="accumulating_light_stage_occlusion_culling.ps">
      <Filter>Deffered rendering pipeline\Light accumulating stage\Occlusion culling</Filter>
    </None>
    <None Include="accumulating_light_stage_occlusion_culling.vs">
      <Filter>Deffered rendering pipeline\Light accumulating stage\Occlusion culling</Filter>
    </None>
    <None Include="accumulating_light_stage_volume.vs">
      <Filter>Deffered rendering pipeline\Light accumulating stage\Accumulating</Filter>
    </None>
    <None Include="accumulating_light_stage_volumetric_sun_cascade.s">
      <Filter>Deffered rendering pipeline\Light accumulating stage\Volumetric\Direct</Filter>
    </None>
    <None Include="ambient_occlusion_blurring_stage_pass_bilinear_filter.ps">
      <Filter>Deffered rendering pipeline\Ambient occlusion stage\Blurring</Filter>
    </None>
    <None Include="ambient_occlusion_blurring_stage_pass_horizontal_filter.ps">
      <Filter>Deffered rendering pipeline\Ambient occlusion stage\Blurring</Filter>
    </None>
    <None Include="ambient_occlusion_stage_pass_ssao_plus.ps">
      <Filter>Deffered rendering pipeline\Ambient occlusion stage\Main calculating</Filter>
    </None>
    <None Include="gbuffer_stage_detail_object.ps">
      <Filter>Deffered rendering pipeline\GBuffer stage\Geometry types\Detail object</Filter>
    </None>
    <None Include="gbuffer_stage_detail_object.vs">
      <Filter>Deffered rendering pipeline\GBuffer stage\Geometry types\Detail object</Filter>
    </None>
    <None Include="gbuffer_stage_detail_object_animated.vs">
      <Filter>Deffered rendering pipeline\GBuffer stage\Geometry types\Detail object</Filter>
    </None>
    <None Include="gbuffer_stage_dynamic_mesh.vs">
      <Filter>Deffered rendering pipeline\GBuffer stage\Geometry types\Dynamic mesh</Filter>
    </None>
    <None Include="gbuffer_stage_multiple_object.vs">
      <Filter>Deffered rendering pipeline\GBuffer stage\Geometry types\Multiple usage object %28LOD%29\Hight quality geometry</Filter>
    </None>
    <None Include="gbuffer_stage_multiple_object_animated.vs">
      <Filter>Deffered rendering pipeline\GBuffer stage\Geometry types\Multiple usage object %28LOD%29\Hight quality geometry</Filter>
    </None>
    <None Include="gbuffer_stage_multiple_object_billboard.ps">
      <Filter>Deffered rendering pipeline\GBuffer stage\Geometry types\Multiple usage object %28LOD%29\Low quality geometry %28Billboard%29</Filter>
    </None>
    <None Include="gbuffer_stage_multiple_object_billboard.vs">
      <Filter>Deffered rendering pipeline\GBuffer stage\Geometry types\Multiple usage object %28LOD%29\Low quality geometry %28Billboard%29</Filter>
    </None>
    <None Include="gbuffer_stage_particle.ps">
      <Filter>Deffered rendering pipeline\GBuffer stage\Geometry types\Particle</Filter>
    </None>
    <None Include="gbuffer_stage_particle.vs">
      <Filter>Deffered rendering pipeline\GBuffer stage\Geometry types\Particle</Filter>
    </None>
    <None Include="gbuffer_stage_static_mesh.ps">
      <Filter>Deffered rendering pipeline\GBuffer stage\Geometry types\Static mesh</Filter>
    </None>
    <None Include="gbuffer_stage_static_mesh.vs">
      <Filter>Deffered rendering pipeline\GBuffer stage\Geometry types\Static mesh</Filter>
    </None>
    <None Include="gbuffer_stage_terrain.ps">
      <Filter>Deffered rendering pipeline\GBuffer stage\Geometry types\Terrain %28Implicit lighted mesh%29\Hight quality geometry</Filter>
    </None>
    <None Include="gbuffer_stage_terrain.vs">
      <Filter>Deffered rendering pipeline\GBuffer stage\Geometry types\Terrain %28Implicit lighted mesh%29\Hight quality geometry</Filter>
    </None>
    <None Include="gbuffer_stage_terrain_lq.ps">
      <Filter>Deffered rendering pipeline\GBuffer stage\Geometry types\Terrain %28Implicit lighted mesh%29\Low quality geometry</Filter>
    </None>
    <None Include="gbuffer_stage_terrain_lq.vs">
      <Filter>Deffered rendering pipeline\GBuffer stage\Geometry types\Terrain %28Implicit lighted mesh%29\Low quality geometry</Filter>
    </None>
    <None Include="shadow_direct_dynamic_mesh.vs">
      <Filter>Deffered rendering pipeline\Light accumulating stage\Shadow casting geometry %28Shadow map depth buffer%29</Filter>
    </None>
    <None Include="shadow_direct_dynamic_mesh_alphatest.vs">
      <Filter>Deffered rendering pipeline\Light accumulating stage\Shadow casting geometry %28Shadow map depth buffer%29</Filter>
    </None>
    <None Include="shadow_direct_multiple_object.vs">
      <Filter>Deffered rendering pipeline\Light accumulating stage\Shadow casting geometry %28Shadow map depth buffer%29</Filter>
    </None>
    <None Include="shadow_direct_multiple_object_animated.vs">
      <Filter>Deffered rendering pipeline\Light accumulating stage\Shadow casting geometry %28Shadow map depth buffer%29</Filter>
    </None>
    <None Include="shadow_direct_static_mesh.ps">
      <Filter>Deffered rendering pipeline\Light accumulating stage\Shadow casting geometry %28Shadow map depth buffer%29</Filter>
    </None>
    <None Include="shadow_direct_static_mesh.vs">
      <Filter>Deffered rendering pipeline\Light accumulating stage\Shadow casting geometry %28Shadow map depth buffer%29</Filter>
    </None>
    <None Include="shadow_direct_static_mesh_alphatest.ps">
      <Filter>Deffered rendering pipeline\Light accumulating stage\Shadow casting geometry %28Shadow map depth buffer%29</Filter>
    </None>
    <None Include="shadow_direct_static_mesh_alphatest.vs">
      <Filter>Deffered rendering pipeline\Light accumulating stage\Shadow casting geometry %28Shadow map depth buffer%29</Filter>
    </None>
    <None Include="scene_combine_stage.ps">
      <Filter>Deffered rendering pipeline\Scene combine stage\Combining stages</Filter>
    </None>
    <None Include="scene_combine_stage.vs">
      <Filter>Deffered rendering pipeline\Scene combine stage\Combining stages</Filter>
    </None>
    <None Include="scene_combine_stage_pass_volumetric.s">
      <Filter>Deffered rendering pipeline\Scene combine stage\Combining stages</Filter>
    </None>
    <None Include="details_lod.s">
      <Filter>Deffered rendering pipeline\GBuffer stage\Geometry types\Multiple usage object %28LOD%29\Low quality geometry %28Billboard%29</Filter>
    </None>
    <None Include="postprocess_stage_autoexposure_pass_downsampling_step_1.ps">
      <Filter>Forward rendering pipeline\Postprocess\Autoexposure</Filter>
    </None>
    <None Include="postprocess_stage_autoexposure_pass_downsampling_step_2.ps">
      <Filter>Forward rendering pipeline\Postprocess\Autoexposure</Filter>
    </None>
    <None Include="postprocess_stage_autoexposure_pass_downsampling_step_3.ps">
      <Filter>Forward rendering pipeline\Postprocess\Autoexposure</Filter>
    </None>
    <None Include="postprocess_stage_autoexposure_pass_combine.ps">
      <Filter>Forward rendering pipeline\Postprocess\Autoexposure</Filter>
    </None>
    <None Include="postprocess_stage_antialiasing_pass_fxaa.ps">
      <Filter>Forward rendering pipeline\Postprocess\Anti-Aliasing</Filter>
    </None>
    <None Include="postprocess_stage_depth_of_field_pass_vertical_filter.ps">
      <Filter>Forward rendering pipeline\Postprocess\Depth of field</Filter>
    </None>
    <None Include="postprocess_stage_motion_blur_pass_combine.ps">
      <Filter>Forward rendering pipeline\Postprocess\Motion blur</Filter>
    </None>
    <None Include="postprocess_stage_motion_blur_pass_save_frame.ps">
      <Filter>Forward rendering pipeline\Postprocess\Motion blur</Filter>
    </None>
    <None Include="postprocess_stage_bloom_build.ps">
      <Filter>Forward rendering pipeline\Postprocess\Bloom</Filter>
    </None>
    <None Include="postprocess_stage_bloom_combine.ps">
      <Filter>Forward rendering pipeline\Postprocess\Bloom</Filter>
    </None>
    <None Include="postprocess_stage_bloom_filter.ps">
      <Filter>Forward rendering pipeline\Postprocess\Bloom</Filter>
    </None>
    <None Include="postprocess_stage_distortion.ps">
      <Filter>Forward rendering pipeline\Postprocess\Distortion</Filter>
    </None>
    <None Include="postprocess.ps">
      <Filter>Forward rendering pipeline\Postprocess\Effectors</Filter>
    </None>
    <None Include="postprocess.s">
      <Filter>Forward rendering pipeline\Postprocess\Effectors</Filter>
    </None>
    <None Include="alpha_blend_lightmap_lighted.ps">
      <Filter>Forward rendering pipeline\Editor blenders\Alpha blend\Lightmap lighted</Filter>
    </None>
    <None Include="alpha_blend_lightmap_lighted.vs">
      <Filter>Forward rendering pipeline\Editor blenders\Alpha blend\Lightmap lighted</Filter>
    </None>
    <None Include="alpha_blend_vertex_lighted.vs">
      <Filter>Forward rendering pipeline\Editor blenders\Alpha blend\Vertex lighted</Filter>
    </None>
    <None Include="alpha_blend_vertex_lighted.ps">
      <Filter>Forward rendering pipeline\Editor blenders\Alpha blend\Vertex lighted</Filter>
    </None>
    <None Include="clouds.ps">
      <Filter>Forward rendering pipeline\Environment\Clouds</Filter>
    </None>
    <None Include="clouds.s">
      <Filter>Forward rendering pipeline\Environment\Clouds</Filter>
    </None>
    <None Include="clouds.vs">
      <Filter>Forward rendering pipeline\Environment\Clouds</Filter>
    </None>
    <None Include="sky2.ps">
      <Filter>Forward rendering pipeline\Environment\Skybox</Filter>
    </None>
    <None Include="sky2.vs">
      <Filter>Forward rendering pipeline\Environment\Skybox</Filter>
    </None>
    <None Include="water.ps">
      <Filter>Forward rendering pipeline\Editor blenders\Water</Filter>
    </None>
    <None Include="water.vs">
      <Filter>Forward rendering pipeline\Editor blenders\Water</Filter>
    </None>
    <None Include="water_regular.ps">
      <Filter>Forward rendering pipeline\Editor blenders\Water</Filter>
    </None>
    <None Include="water_regular.vs">
      <Filter>Forward rendering pipeline\Editor blenders\Water</Filter>
    </None>
    <None Include="water_ryaska.ps">
      <Filter>Forward rendering pipeline\Editor blenders\Water</Filter>
    </None>
    <None Include="water_soft.ps">
      <Filter>Forward rendering pipeline\Editor blenders\Water</Filter>
    </None>
    <None Include="water_soft.vs">
      <Filter>Forward rendering pipeline\Editor blenders\Water</Filter>
    </None>
    <None Include="water_studen.ps">
      <Filter>Forward rendering pipeline\Editor blenders\Water</Filter>
    </None>
    <None Include="water_studen.vs">
      <Filter>Forward rendering pipeline\Editor blenders\Water</Filter>
    </None>
    <None Include="waterd.ps">
      <Filter>Forward rendering pipeline\Editor blenders\Water</Filter>
    </None>
    <None Include="waterd.vs">
      <Filter>Forward rendering pipeline\Editor blenders\Water</Filter>
    </None>
    <None Include="waterd_soft.ps">
      <Filter>Forward rendering pipeline\Editor blenders\Water</Filter>
    </None>
    <None Include="waterd_soft.vs">
      <Filter>Forward rendering pipeline\Editor blenders\Water</Filter>
    </None>
    <None Include="effects_water.s">
      <Filter>Forward rendering pipeline\Editor blenders\Water</Filter>
    </None>
    <None Include="effects_waterryaska.s">
      <Filter>Forward rendering pipeline\Editor blenders\Water</Filter>
    </None>
    <None Include="effects_waterstuden.s">
      <Filter>Forward rendering pipeline\Editor blenders\Water</Filter>
    </None>
    <None Include="effects_lightplanes.s">
      <Filter>Forward rendering pipeline\Editor blenders\Light panels</Filter>
    </None>
    <None Include="models_light_panel.ps">
      <Filter>Forward rendering pipeline\Editor blenders\Light panels</Filter>
    </None>
    <None Include="models_light_panel.vs">
      <Filter>Forward rendering pipeline\Editor blenders\Light panels</Filter>
    </None>
    <None Include="models_lightplanes.s">
      <Filter>Forward rendering pipeline\Editor blenders\Light panels</Filter>
    </None>
    <None Include="models_selflight.s">
      <Filter>Forward rendering pipeline\Editor blenders\Selflight</Filter>
    </None>
    <None Include="models_selflightl.s">
      <Filter>Forward rendering pipeline\Editor blenders\Selflight</Filter>
    </None>
    <None Include="selflight.ps">
      <Filter>Forward rendering pipeline\Editor blenders\Selflight</Filter>
    </None>
    <None Include="selflight.s">
      <Filter>Forward rendering pipeline\Editor blenders\Selflight</Filter>
    </None>
    <None Include="selflight.vs">
      <Filter>Forward rendering pipeline\Editor blenders\Selflight</Filter>
    </None>
    <None Include="wmark.ps">
      <Filter>Forward rendering pipeline\Editor blenders\Wallmark</Filter>
    </None>
    <None Include="wmark.vs">
      <Filter>Forward rendering pipeline\Editor blenders\Wallmark</Filter>
    </None>
    <None Include="effects_wallmark.s">
      <Filter>Forward rendering pipeline\Editor blenders\Wallmark</Filter>
    </None>
    <None Include="effects_wallmarkblend.s">
      <Filter>Forward rendering pipeline\Editor blenders\Wallmark</Filter>
    </None>
    <None Include="effects_wallmarkmult.s">
      <Filter>Forward rendering pipeline\Editor blenders\Wallmark</Filter>
    </None>
    <None Include="effects_wallmarkset.s">
      <Filter>Forward rendering pipeline\Editor blenders\Wallmark</Filter>
    </None>
    <None Include="distort.ps">
      <Filter>Forward rendering pipeline\Editor blenders\Distort</Filter>
    </None>
    <None Include="distort.s">
      <Filter>Forward rendering pipeline\Editor blenders\Distort</Filter>
    </None>
    <None Include="model_distort.vs">
      <Filter>Forward rendering pipeline\Editor blenders\Distort</Filter>
    </None>
    <None Include="model_distort_inv.vs">
      <Filter>Forward rendering pipeline\Editor blenders\Distort</Filter>
    </None>
    <None Include="model_distort4ghost.vs">
      <Filter>Forward rendering pipeline\Editor blenders\Distort</Filter>
    </None>
    <None Include="model_distort4glass.vs">
      <Filter>Forward rendering pipeline\Editor blenders\Distort</Filter>
    </None>
    <None Include="models_xdistort.s">
      <Filter>Forward rendering pipeline\Editor blenders\Distort</Filter>
    </None>
    <None Include="models_xdistortcolor.s">
      <Filter>Forward rendering pipeline\Editor blenders\Distort</Filter>
    </None>
    <None Include="models_xdistortcolorl.s">
      <Filter>Forward rendering pipeline\Editor blenders\Distort</Filter>
    </None>
    <None Include="models_xdistortcolorlinv.s">
      <Filter>Forward rendering pipeline\Editor blenders\Distort</Filter>
    </None>
    <None Include="models_xdistortinv.s">
      <Filter>Forward rendering pipeline\Editor blenders\Distort</Filter>
    </None>
    <None Include="particle.ps">
      <Filter>Forward rendering pipeline\Editor blenders\Particle</Filter>
    </None>
    <None Include="particle.vs">
      <Filter>Forward rendering pipeline\Editor blenders\Particle</Filter>
    </None>
    <None Include="particle_alphaonly.ps">
      <Filter>Forward rendering pipeline\Editor blenders\Particle</Filter>
    </None>
    <None Include="particle_distort.ps">
      <Filter>Forward rendering pipeline\Editor blenders\Particle</Filter>
    </None>
    <None Include="particle_s-aadd.ps">
      <Filter>Forward rendering pipeline\Editor blenders\Particle</Filter>
    </None>
    <None Include="particle_s-add.ps">
      <Filter>Forward rendering pipeline\Editor blenders\Particle</Filter>
    </None>
    <None Include="particle_s-blend.ps">
      <Filter>Forward rendering pipeline\Editor blenders\Particle</Filter>
    </None>
    <None Include="particle_s-mul.ps">
      <Filter>Forward rendering pipeline\Editor blenders\Particle</Filter>
    </None>
    <None Include="particle2t.ps">
      <Filter>Forward rendering pipeline\Editor blenders\Particle</Filter>
    </None>
    <None Include="particle-clip.vs">
      <Filter>Forward rendering pipeline\Editor blenders\Particle</Filter>
    </None>
    <None Include="particles_xadd.s">
      <Filter>Forward rendering pipeline\Editor blenders\Particle</Filter>
    </None>
    <None Include="particles_xdistort.s">
      <Filter>Forward rendering pipeline\Editor blenders\Particle</Filter>
    </None>
    <None Include="yuv2rgb.ps">
      <Filter>Video converting</Filter>
    </None>
    <None Include="model_def_lq.ps">
      <Filter>Forward rendering pipeline\Editor blenders\Dynamic models</Filter>
    </None>
    <None Include="model_def_lq.vs">
      <Filter>Forward rendering pipeline\Editor blenders\Dynamic models</Filter>
    </None>
    <None Include="model_env_lq.ps">
      <Filter>Forward rendering pipeline\Editor blenders\Dynamic models</Filter>
    </None>
    <None Include="model_env_lq.vs">
      <Filter>Forward rendering pipeline\Editor blenders\Dynamic models</Filter>
    </None>
    <None Include="models_metallreflect.s">
      <Filter>Forward rendering pipeline\Editor blenders\Metal reflect</Filter>
    </None>
    <None Include="models_xanomaly.s">
      <Filter>Forward rendering pipeline\Editor blenders\Anomaly</Filter>
    </None>
    <None Include="models_xlens.s">
      <Filter>Forward rendering pipeline\Editor blenders\Lens</Filter>
    </None>
    <None Include="models_xglass2.s">
      <Filter>Forward rendering pipeline\Editor blenders\Glass</Filter>
    </None>
    <None Include="models_xglass.s">
      <Filter>Forward rendering pipeline\Editor blenders\Glass</Filter>
    </None>
    <None Include="models_xmonolith.s">
      <Filter>Forward rendering pipeline\Editor blenders\Monolith</Filter>
    </None>
    <None Include="models_xwindows.s">
      <Filter>Forward rendering pipeline\Editor blenders\Window</Filter>
    </None>
    <None Include="hud_crosshair.s">
      <Filter>Forward rendering pipeline\Hud</Filter>
    </None>
    <None Include="hud_movie.s">
      <Filter>Forward rendering pipeline\Hud</Filter>
    </None>
    <None Include="models_pautina.s">
      <Filter>Forward rendering pipeline\Editor blenders\Pautina</Filter>
    </None>
    <None Include="portal.ps">
      <Filter>Forward rendering pipeline\Portals %28Occlusion culling%29</Filter>
    </None>
    <None Include="portal.s">
      <Filter>Forward rendering pipeline\Portals %28Occlusion culling%29</Filter>
    </None>
    <None Include="portal.vs">
      <Filter>Forward rendering pipeline\Portals %28Occlusion culling%29</Filter>
    </None>
    <None Include="copy.ps">
      <Filter>Dummy shaders</Filter>
    </None>
    <None Include="copy_p.ps">
      <Filter>Dummy shaders</Filter>
    </None>
    <None Include="dumb.ps">
      <Filter>Dummy shaders</Filter>
    </None>
    <None Include="dumb.vs">
      <Filter>Dummy shaders</Filter>
    </None>
    <None Include="editor.vs">
      <Filter>Dummy shaders</Filter>
    </None>
    <None Include="simple.ps">
      <Filter>Dummy shaders</Filter>
    </None>
    <None Include="simple.vs">
      <Filter>Dummy shaders</Filter>
    </None>
    <None Include="simple_color.ps">
      <Filter>Dummy shaders</Filter>
    </None>
    <None Include="simple_color.vs">
      <Filter>Dummy shaders</Filter>
    </None>
    <None Include="postprocess_stage_contrast_adaptive_sharpening.ps">
      <Filter>Forward rendering pipeline\Postprocess\Contrast adaptive sharpening</Filter>
    </None>
    <None Include="ambient_occlusion_blurring_stage_pass_vertical_filter.ps">
      <Filter>Deffered rendering pipeline\Ambient occlusion stage\Blurring</Filter>
    </None>
    <None Include="postprocess_stage_depth_of_field_pass_horizontal_filter.ps">
      <Filter>Forward rendering pipeline\Postprocess\Depth of field</Filter>
    </None>
    <None Include="postprocess_stage_depth_of_field_pass_poisson_filter.ps">
      <Filter>Forward rendering pipeline\Postprocess\Depth of field</Filter>
    </None>
    <None Include="postprocess_stage_bloom_filter_vertical.ps">
      <Filter>Forward rendering pipeline\Postprocess\Bloom</Filter>
    </None>
    <None Include="postprocess_stage_bloom_filter_horizontal.ps">
      <Filter>Forward rendering pipeline\Postprocess\Bloom</Filter>
    </None>
    <None Include="postprocess_stage_barrrel_blur_vertical_pass.ps">
      <Filter>Forward rendering pipeline\Postprocess\Barrel blur</Filter>
    </None>
    <None Include="postprocess_stage_barrrel_blur_horizontal_pass.ps">
      <Filter>Forward rendering pipeline\Postprocess\Barrel blur</Filter>
    </None>
    <None Include="simple_quad.vs">
      <Filter>Dummy shaders</Filter>
    </None>
    <None Include="gbuffer_stage_dynamic_mesh_selflight.ps">
      <Filter>Deffered rendering pipeline\GBuffer stage\Geometry types\Dynamic mesh\Selflight</Filter>
    </None>
    <None Include="gbuffer_stage_dynamic_mesh_selflight.vs">
      <Filter>Deffered rendering pipeline\GBuffer stage\Geometry types\Dynamic mesh\Selflight</Filter>
    </None>
    <None Include="scene_combine_stage_debug.ps">
      <Filter>Deffered rendering pipeline\Scene combine stage\Combining stages</Filter>
    </None>
    <None Include="ambient_occlusion_stage_pass_ssao.ps">
      <Filter>Deffered rendering pipeline\Ambient occlusion stage\Main calculating</Filter>
    </None>
    <None Include="accumulating_light_stage_spot.ps">
      <Filter>Deffered rendering pipeline\Light accumulating stage\Accumulating</Filter>
    </None>
    <None Include="accumulating_light_stage_point.ps">
      <Filter>Deffered rendering pipeline\Light accumulating stage\Accumulating</Filter>
    </None>
    <None Include="accumulating_light_stage_direct.ps">
      <Filter>Deffered rendering pipeline\Light accumulating stage\Accumulating</Filter>
    </None>
    <None Include="overlay_stage_apply.ps">
      <Filter>Forward rendering pipeline\Overlays</Filter>
    </None>
    <None Include="scene_combine_stage_pass_precombine.ps">
      <Filter>Deffered rendering pipeline\Scene combine stage\Combining stages</Filter>
    </None>
    <None Include="postprocess_stage_reflections_pass_render.ps">
      <Filter>Forward rendering pipeline\Postprocess\Reflections</Filter>
    </None>
    <None Include="postprocess_stage_reflections_pass_vertical_filter.ps">
      <Filter>Forward rendering pipeline\Postprocess\Reflections</Filter>
    </None>
    <None Include="postprocess_stage_reflections_pass_horizontal_filter.ps">
      <Filter>Forward rendering pipeline\Postprocess\Reflections</Filter>
    </None>
    <None Include="ambient_occlusion_stage_pass_gtao.ps">
      <Filter>Deffered rendering pipeline\Ambient occlusion stage\Main calculating</Filter>
    </None>
  </ItemGroup>
  <ItemGroup>
    <Filter Include="Deffered rendering pipeline">
      <UniqueIdentifier>{4374e531-64ce-484c-9089-84c51f5b4ef3}</UniqueIdentifier>
    </Filter>
    <Filter Include="Forward rendering pipeline">
      <UniqueIdentifier>{8f041950-b603-4519-8b6c-168d383d44aa}</UniqueIdentifier>
    </Filter>
    <Filter Include="Helpers">
      <UniqueIdentifier>{d5a4b750-aa4d-4b69-a005-43b957ee45dd}</UniqueIdentifier>
    </Filter>
    <Filter Include="Helpers\Common">
      <UniqueIdentifier>{a00593eb-0dfc-4d8b-885e-50b0e29df989}</UniqueIdentifier>
    </Filter>
    <Filter Include="Deffered rendering pipeline\GBuffer stage">
      <UniqueIdentifier>{91d266e8-1143-454f-af06-df553d7d5a06}</UniqueIdentifier>
    </Filter>
    <Filter Include="Deffered rendering pipeline\Ambient occlusion stage">
      <UniqueIdentifier>{d130d8ef-0bd3-4741-aa6c-3442bb943445}</UniqueIdentifier>
    </Filter>
    <Filter Include="Deffered rendering pipeline\Light accumulating stage">
      <UniqueIdentifier>{a2483be5-0efc-4c92-8fee-4988288ce37a}</UniqueIdentifier>
    </Filter>
    <Filter Include="Deffered rendering pipeline\Scene combine stage">
      <UniqueIdentifier>{cb8013c6-5e11-419c-85a4-5353e5120efd}</UniqueIdentifier>
    </Filter>
    <Filter Include="Deffered rendering pipeline\GBuffer stage\Geometry types">
      <UniqueIdentifier>{74b5e5ed-ec0b-4559-92d9-bf72a2671601}</UniqueIdentifier>
    </Filter>
    <Filter Include="Deffered rendering pipeline\Light accumulating stage\Accumulating">
      <UniqueIdentifier>{fb28a79a-5770-43b4-a9fc-e573d685b090}</UniqueIdentifier>
    </Filter>
    <Filter Include="Deffered rendering pipeline\Light accumulating stage\Occlusion culling">
      <UniqueIdentifier>{3b150f74-98e1-43e0-b5e9-b5447c062051}</UniqueIdentifier>
    </Filter>
    <Filter Include="Deffered rendering pipeline\Light accumulating stage\Masking">
      <UniqueIdentifier>{2d6d1344-c086-4443-87dc-8abae9513c9d}</UniqueIdentifier>
    </Filter>
    <Filter Include="Deffered rendering pipeline\Light accumulating stage\Volumetric">
      <UniqueIdentifier>{c5e36bb6-4d63-4f29-9599-377989f0dc34}</UniqueIdentifier>
    </Filter>
    <Filter Include="Deffered rendering pipeline\Light accumulating stage\Volumetric\Direct">
      <UniqueIdentifier>{6d04a771-ca8b-4a0c-8898-a26aa2bbd143}</UniqueIdentifier>
    </Filter>
    <Filter Include="Deffered rendering pipeline\Ambient occlusion stage\Main calculating">
      <UniqueIdentifier>{d5dcc759-f5b8-44d4-bdd4-1ac710de468f}</UniqueIdentifier>
    </Filter>
    <Filter Include="Deffered rendering pipeline\Ambient occlusion stage\Blurring">
      <UniqueIdentifier>{8132685f-f237-404d-aa86-213a75682bfd}</UniqueIdentifier>
    </Filter>
    <Filter Include="Deffered rendering pipeline\GBuffer stage\Geometry types\Static mesh">
      <UniqueIdentifier>{27dd75c8-4146-4886-bec3-e841d0c38524}</UniqueIdentifier>
    </Filter>
    <Filter Include="Deffered rendering pipeline\GBuffer stage\Geometry types\Dynamic mesh">
      <UniqueIdentifier>{b510a72d-824f-43c1-9bb3-0e40dad61f4d}</UniqueIdentifier>
    </Filter>
    <Filter Include="Deffered rendering pipeline\GBuffer stage\Geometry types\Terrain %28Implicit lighted mesh%29">
      <UniqueIdentifier>{59dcd1b6-2041-41a8-9ed9-6ac3fe8e3d85}</UniqueIdentifier>
    </Filter>
    <Filter Include="Deffered rendering pipeline\GBuffer stage\Geometry types\Particle">
      <UniqueIdentifier>{a8670a65-12b2-4e23-9290-1d6d0ab22550}</UniqueIdentifier>
    </Filter>
    <Filter Include="Deffered rendering pipeline\GBuffer stage\Geometry types\Detail object">
      <UniqueIdentifier>{3114264c-2c47-409b-9c9e-9e019766daeb}</UniqueIdentifier>
    </Filter>
    <Filter Include="Deffered rendering pipeline\GBuffer stage\Geometry types\Multiple usage object %28LOD%29">
      <UniqueIdentifier>{e8bd59ea-3720-42d9-a856-d854a5ba36e8}</UniqueIdentifier>
    </Filter>
    <Filter Include="Deffered rendering pipeline\GBuffer stage\Geometry types\Multiple usage object %28LOD%29\Hight quality geometry">
      <UniqueIdentifier>{af42b810-1616-407d-b67f-6df80c291e35}</UniqueIdentifier>
    </Filter>
    <Filter Include="Deffered rendering pipeline\GBuffer stage\Geometry types\Multiple usage object %28LOD%29\Low quality geometry %28Billboard%29">
      <UniqueIdentifier>{69790608-1baa-414b-8347-3c5415331d66}</UniqueIdentifier>
    </Filter>
    <Filter Include="Deffered rendering pipeline\GBuffer stage\Geometry types\Terrain %28Implicit lighted mesh%29\Hight quality geometry">
      <UniqueIdentifier>{c34c155b-5dd8-4d68-bd22-73fd7fcd22dd}</UniqueIdentifier>
    </Filter>
    <Filter Include="Deffered rendering pipeline\GBuffer stage\Geometry types\Terrain %28Implicit lighted mesh%29\Low quality geometry">
      <UniqueIdentifier>{13919862-9f3c-4454-b752-25b8496e7eb2}</UniqueIdentifier>
    </Filter>
    <Filter Include="Deffered rendering pipeline\GBuffer stage\Helpers">
      <UniqueIdentifier>{cd240db4-8468-47bc-96c6-c9aa84a1bf1e}</UniqueIdentifier>
    </Filter>
    <Filter Include="Deffered rendering pipeline\Light accumulating stage\Helpers">
      <UniqueIdentifier>{4a5113ab-12e0-4347-a54b-b1f28c4be1b3}</UniqueIdentifier>
    </Filter>
    <Filter Include="Deffered rendering pipeline\Light accumulating stage\Shadow casting geometry %28Shadow map depth buffer%29">
      <UniqueIdentifier>{2e63090c-9768-47b4-bd3c-a04fa0021975}</UniqueIdentifier>
    </Filter>
    <Filter Include="Deffered rendering pipeline\Scene combine stage\Helpers">
      <UniqueIdentifier>{06a758a2-f9a9-448b-add6-1a454888dd2a}</UniqueIdentifier>
    </Filter>
    <Filter Include="Deffered rendering pipeline\Scene combine stage\Combining stages">
      <UniqueIdentifier>{fb1c46bd-cdf6-41d6-9848-5f7df74db9b2}</UniqueIdentifier>
    </Filter>
    <Filter Include="Helpers\Misc">
      <UniqueIdentifier>{ec56ee53-30d0-4c07-a170-201a0cb66c45}</UniqueIdentifier>
    </Filter>
    <Filter Include="Forward rendering pipeline\Postprocess">
      <UniqueIdentifier>{4dfa69e8-757d-4f3b-829d-e8278ee3bbf3}</UniqueIdentifier>
    </Filter>
    <Filter Include="Forward rendering pipeline\Editor blenders">
      <UniqueIdentifier>{8d5aa899-c786-4cec-b6ca-f8aa1c7bd292}</UniqueIdentifier>
    </Filter>
    <Filter Include="Forward rendering pipeline\Postprocess\Anti-Aliasing">
      <UniqueIdentifier>{cfbb4580-0e0b-4c2c-b69d-42bdfcd5c5a8}</UniqueIdentifier>
    </Filter>
    <Filter Include="Forward rendering pipeline\Postprocess\Depth of field">
      <UniqueIdentifier>{03d2ac27-155f-49f0-9fec-32dea8af87c8}</UniqueIdentifier>
    </Filter>
    <Filter Include="Forward rendering pipeline\Postprocess\Motion blur">
      <UniqueIdentifier>{a5c0a9f7-4cb2-4958-b9e9-c459fe7237eb}</UniqueIdentifier>
    </Filter>
    <Filter Include="Forward rendering pipeline\Postprocess\Autoexposure">
      <UniqueIdentifier>{49feecaa-bc5c-432a-94bf-ffea9d67953f}</UniqueIdentifier>
    </Filter>
    <Filter Include="Forward rendering pipeline\Postprocess\Distortion">
      <UniqueIdentifier>{8e5af72c-f84e-4f1e-8c6b-bf926c39d2ba}</UniqueIdentifier>
    </Filter>
    <Filter Include="Forward rendering pipeline\Postprocess\Bloom">
      <UniqueIdentifier>{b185c5ad-bc76-4ca0-825f-b945d68107ab}</UniqueIdentifier>
    </Filter>
    <Filter Include="Forward rendering pipeline\Postprocess\Barrel blur">
      <UniqueIdentifier>{8f7242c6-3d7e-4f54-afeb-5da56156b80c}</UniqueIdentifier>
    </Filter>
    <Filter Include="Forward rendering pipeline\Postprocess\Effectors">
      <UniqueIdentifier>{5c725ee4-9e6b-4d0f-a019-f20c0c206061}</UniqueIdentifier>
    </Filter>
    <Filter Include="Forward rendering pipeline\Overlays">
      <UniqueIdentifier>{ab5a929b-fac3-4c66-acb5-1d9cef47be65}</UniqueIdentifier>
    </Filter>
    <Filter Include="Forward rendering pipeline\Editor blenders\Alpha blend">
      <UniqueIdentifier>{cd2917fb-abaf-444e-a79f-767fcb18dc6c}</UniqueIdentifier>
    </Filter>
    <Filter Include="Forward rendering pipeline\Editor blenders\Alpha blend\Lightmap lighted">
      <UniqueIdentifier>{98d6205f-0f5e-440e-bbf6-648eaeeebbb9}</UniqueIdentifier>
    </Filter>
    <Filter Include="Forward rendering pipeline\Editor blenders\Alpha blend\Vertex lighted">
      <UniqueIdentifier>{03ec6368-94ac-444d-bf67-a7c9bf1bf9f6}</UniqueIdentifier>
    </Filter>
    <Filter Include="Forward rendering pipeline\Environment">
      <UniqueIdentifier>{a8b3bb98-fd26-4a48-860c-9cd390461517}</UniqueIdentifier>
    </Filter>
    <Filter Include="Forward rendering pipeline\Environment\Clouds">
      <UniqueIdentifier>{1cb03206-3e7e-45df-81f3-36e3b025c49a}</UniqueIdentifier>
    </Filter>
    <Filter Include="Forward rendering pipeline\Environment\Skybox">
      <UniqueIdentifier>{3089d039-13b8-4b34-b3a6-b21b462e0783}</UniqueIdentifier>
    </Filter>
    <Filter Include="Forward rendering pipeline\Editor blenders\Water">
      <UniqueIdentifier>{ffbd90a9-5091-4c5b-99b5-6e7447c7045b}</UniqueIdentifier>
    </Filter>
    <Filter Include="Forward rendering pipeline\Editor blenders\Light panels">
      <UniqueIdentifier>{861f78c9-f6c3-44c5-9805-2f9cda3b607a}</UniqueIdentifier>
    </Filter>
    <Filter Include="Forward rendering pipeline\Editor blenders\Selflight">
      <UniqueIdentifier>{7eabb0a4-9cfa-4d9c-a96c-f99755f5ff6d}</UniqueIdentifier>
    </Filter>
    <Filter Include="Forward rendering pipeline\Editor blenders\Wallmark">
      <UniqueIdentifier>{4b8fa3e6-7bb2-448a-afab-b28c35a767e0}</UniqueIdentifier>
    </Filter>
    <Filter Include="Forward rendering pipeline\Editor blenders\Distort">
      <UniqueIdentifier>{c1033052-f63e-4414-bf9c-f305bccbc7a1}</UniqueIdentifier>
    </Filter>
    <Filter Include="Forward rendering pipeline\Editor blenders\Particle">
      <UniqueIdentifier>{1ffb1068-4642-42ba-854e-581669cd5ddb}</UniqueIdentifier>
    </Filter>
    <Filter Include="Video converting">
      <UniqueIdentifier>{3959833a-f727-496f-9d76-4384e61be357}</UniqueIdentifier>
    </Filter>
    <Filter Include="Forward rendering pipeline\Editor blenders\Dynamic models">
      <UniqueIdentifier>{b086d87c-f5ff-4491-834a-7c7f3a49f27b}</UniqueIdentifier>
    </Filter>
    <Filter Include="Forward rendering pipeline\Editor blenders\Anomaly">
      <UniqueIdentifier>{8cb7d878-7d17-4cd5-be04-0df57f41ce07}</UniqueIdentifier>
    </Filter>
    <Filter Include="Forward rendering pipeline\Editor blenders\Window">
      <UniqueIdentifier>{d7334035-af13-483b-9a76-83aafa4fc44b}</UniqueIdentifier>
    </Filter>
    <Filter Include="Forward rendering pipeline\Editor blenders\Lens">
      <UniqueIdentifier>{b3a5bc0b-cc48-4032-b622-008959e82c69}</UniqueIdentifier>
    </Filter>
    <Filter Include="Forward rendering pipeline\Editor blenders\Glass">
      <UniqueIdentifier>{4d26ba62-e59a-41e4-a1b3-4f216268db54}</UniqueIdentifier>
    </Filter>
    <Filter Include="Forward rendering pipeline\Editor blenders\Metal reflect">
      <UniqueIdentifier>{6b0427fc-986e-48c7-8bf0-f5289a4a16f4}</UniqueIdentifier>
    </Filter>
    <Filter Include="Forward rendering pipeline\Editor blenders\Monolith">
      <UniqueIdentifier>{5ec9a333-140f-45ca-9970-b5b9206f5fd1}</UniqueIdentifier>
    </Filter>
    <Filter Include="Forward rendering pipeline\Hud">
      <UniqueIdentifier>{d6b58d58-82b0-4987-b34d-38844e4cf367}</UniqueIdentifier>
    </Filter>
    <Filter Include="Forward rendering pipeline\Editor blenders\Pautina">
      <UniqueIdentifier>{422d6f65-b857-46dc-9a5c-a4e4409ee0ff}</UniqueIdentifier>
    </Filter>
    <Filter Include="Forward rendering pipeline\Portals %28Occlusion culling%29">
      <UniqueIdentifier>{480d0b11-e9e2-4bf1-9e37-06676de399a1}</UniqueIdentifier>
    </Filter>
    <Filter Include="Dummy shaders">
      <UniqueIdentifier>{7d1c70ae-13b3-4b8c-9ea2-69f2b9ca9c91}</UniqueIdentifier>
    </Filter>
    <Filter Include="Forward rendering pipeline\Postprocess\Contrast adaptive sharpening">
      <UniqueIdentifier>{87454a62-2f60-48be-9bb8-bb02c3d94a65}</UniqueIdentifier>
    </Filter>
    <Filter Include="Deffered rendering pipeline\GBuffer stage\Geometry types\Dynamic mesh\Selflight">
      <UniqueIdentifier>{8f3353f6-1063-40ae-82ab-28090fa7aaa3}</UniqueIdentifier>
    </Filter>
    <Filter Include="Forward rendering pipeline\Postprocess\Reflections">
      <UniqueIdentifier>{7edd7d39-4b15-4e16-b588-4b762a2e89e2}</UniqueIdentifier>
    </Filter>
  </ItemGroup>
  <ItemGroup>
    <ClCompile Include="ambient_occlusion_stage_pass_hbao_plus.ps">
      <Filter>Deffered rendering pipeline\Ambient occlusion stage\Main calculating</Filter>
    </ClCompile>
  </ItemGroup>
</Project>