<?xml version="1.0" encoding="utf-8"?>
<Project ToolsVersion="4.0" xmlns="http://schemas.microsoft.com/developer/msbuild/2003">
  <ItemGroup>
    <None Include="impl.ps">
      <Filter>Forward rendering pipeline\Geometry stage\Static mesh\Implicit lighted</Filter>
    </None>
    <None Include="impl.vs">
      <Filter>Forward rendering pipeline\Geometry stage\Static mesh\Implicit lighted</Filter>
    </None>
    <None Include="impl_dt.ps">
      <Filter>Forward rendering pipeline\Geometry stage\Static mesh\Implicit lighted</Filter>
    </None>
    <None Include="impl_dt.vs">
      <Filter>Forward rendering pipeline\Geometry stage\Static mesh\Implicit lighted</Filter>
    </None>
    <None Include="impl_dt_adv.ps">
      <Filter>Forward rendering pipeline\Geometry stage\Static mesh\Implicit lighted</Filter>
    </None>
    <None Include="impl_dt_adv.vs">
      <Filter>Forward rendering pipeline\Geometry stage\Static mesh\Implicit lighted</Filter>
    </None>
    <None Include="impl_l.ps">
      <Filter>Forward rendering pipeline\Geometry stage\Static mesh\Implicit lighted</Filter>
    </None>
    <None Include="impl_l.vs">
      <Filter>Forward rendering pipeline\Geometry stage\Static mesh\Implicit lighted</Filter>
    </None>
    <None Include="impl_point.vs">
      <Filter>Forward rendering pipeline\Geometry stage\Static mesh\Implicit lighted</Filter>
    </None>
    <None Include="impl_spot.vs">
      <Filter>Forward rendering pipeline\Geometry stage\Static mesh\Implicit lighted</Filter>
    </None>
    <None Include="lmap.ps">
      <Filter>Forward rendering pipeline\Geometry stage\Static mesh\Lightmap lighted</Filter>
    </None>
    <None Include="lmap.vs">
      <Filter>Forward rendering pipeline\Geometry stage\Static mesh\Lightmap lighted</Filter>
    </None>
    <None Include="lmap_dt.ps">
      <Filter>Forward rendering pipeline\Geometry stage\Static mesh\Lightmap lighted</Filter>
    </None>
    <None Include="lmap_dt.vs">
      <Filter>Forward rendering pipeline\Geometry stage\Static mesh\Lightmap lighted</Filter>
    </None>
    <None Include="lmap_l.ps">
      <Filter>Forward rendering pipeline\Geometry stage\Static mesh\Lightmap lighted</Filter>
    </None>
    <None Include="lmap_l.vs">
      <Filter>Forward rendering pipeline\Geometry stage\Static mesh\Lightmap lighted</Filter>
    </None>
    <None Include="lmap_point.vs">
      <Filter>Forward rendering pipeline\Geometry stage\Static mesh\Lightmap lighted</Filter>
    </None>
    <None Include="lmap_spot.vs">
      <Filter>Forward rendering pipeline\Geometry stage\Static mesh\Lightmap lighted</Filter>
    </None>
    <None Include="lmape.ps">
      <Filter>Forward rendering pipeline\Geometry stage\Static mesh\Lightmap lighted</Filter>
    </None>
    <None Include="lmape.vs">
      <Filter>Forward rendering pipeline\Geometry stage\Static mesh\Lightmap lighted</Filter>
    </None>
    <None Include="model_def_hq.ps">
      <Filter>Forward rendering pipeline\Geometry stage\Dynamic mesh</Filter>
    </None>
    <None Include="model_def_hq.vs">
      <Filter>Forward rendering pipeline\Geometry stage\Dynamic mesh</Filter>
    </None>
    <None Include="model_def_lplanes.vs">
      <Filter>Forward rendering pipeline\Geometry stage\Dynamic mesh</Filter>
    </None>
    <None Include="model_def_lq.ps">
      <Filter>Forward rendering pipeline\Geometry stage\Dynamic mesh</Filter>
    </None>
    <None Include="model_def_lq.vs">
      <Filter>Forward rendering pipeline\Geometry stage\Dynamic mesh</Filter>
    </None>
    <None Include="model_def_lqs.vs">
      <Filter>Forward rendering pipeline\Geometry stage\Dynamic mesh</Filter>
    </None>
    <None Include="model_def_point.vs">
      <Filter>Forward rendering pipeline\Geometry stage\Dynamic mesh</Filter>
    </None>
    <None Include="model_def_shadow.vs">
      <Filter>Forward rendering pipeline\Geometry stage\Dynamic mesh</Filter>
    </None>
    <None Include="model_def_spot.vs">
      <Filter>Forward rendering pipeline\Geometry stage\Dynamic mesh</Filter>
    </None>
    <None Include="model_distort.vs">
      <Filter>Forward rendering pipeline\Geometry stage\Dynamic mesh</Filter>
    </None>
    <None Include="model_distort_inv.vs">
      <Filter>Forward rendering pipeline\Geometry stage\Dynamic mesh</Filter>
    </None>
    <None Include="model_distort2t.vs">
      <Filter>Forward rendering pipeline\Geometry stage\Dynamic mesh</Filter>
    </None>
    <None Include="model_distort4ghost.vs">
      <Filter>Forward rendering pipeline\Geometry stage\Dynamic mesh</Filter>
    </None>
    <None Include="model_distort4glass.vs">
      <Filter>Forward rendering pipeline\Geometry stage\Dynamic mesh</Filter>
    </None>
    <None Include="model_env.ps">
      <Filter>Forward rendering pipeline\Geometry stage\Dynamic mesh</Filter>
    </None>
    <None Include="model_env_hq.ps">
      <Filter>Forward rendering pipeline\Geometry stage\Dynamic mesh</Filter>
    </None>
    <None Include="model_env_hq.vs">
      <Filter>Forward rendering pipeline\Geometry stage\Dynamic mesh</Filter>
    </None>
    <None Include="model_env_lq.ps">
      <Filter>Forward rendering pipeline\Geometry stage\Dynamic mesh</Filter>
    </None>
    <None Include="model_env_lq.vs">
      <Filter>Forward rendering pipeline\Geometry stage\Dynamic mesh</Filter>
    </None>
    <None Include="model_env_sl.ps">
      <Filter>Forward rendering pipeline\Geometry stage\Dynamic mesh</Filter>
    </None>
    <None Include="model_shadow.ps">
      <Filter>Forward rendering pipeline\Geometry stage\Dynamic mesh</Filter>
    </None>
    <None Include="models_lightplanes.s">
      <Filter>Forward rendering pipeline\Geometry stage\Dynamic mesh</Filter>
    </None>
    <None Include="models_pautina.s">
      <Filter>Forward rendering pipeline\Geometry stage\Dynamic mesh</Filter>
    </None>
    <None Include="models_selflight.s">
      <Filter>Forward rendering pipeline\Geometry stage\Dynamic mesh</Filter>
    </None>
    <None Include="models_selflightl.s">
      <Filter>Forward rendering pipeline\Geometry stage\Dynamic mesh</Filter>
    </None>
    <None Include="models_xanomaly.s">
      <Filter>Forward rendering pipeline\Geometry stage\Dynamic mesh</Filter>
    </None>
    <None Include="models_xdistort.s">
      <Filter>Forward rendering pipeline\Geometry stage\Dynamic mesh</Filter>
    </None>
    <None Include="models_xdistortcolor.s">
      <Filter>Forward rendering pipeline\Geometry stage\Dynamic mesh</Filter>
    </None>
    <None Include="models_xdistortcolorl.s">
      <Filter>Forward rendering pipeline\Geometry stage\Dynamic mesh</Filter>
    </None>
    <None Include="models_xdistortcolorlinv.s">
      <Filter>Forward rendering pipeline\Geometry stage\Dynamic mesh</Filter>
    </None>
    <None Include="models_xdistortinv.s">
      <Filter>Forward rendering pipeline\Geometry stage\Dynamic mesh</Filter>
    </None>
    <None Include="models_xglass.s">
      <Filter>Forward rendering pipeline\Geometry stage\Dynamic mesh</Filter>
    </None>
    <None Include="models_xglass2.s">
      <Filter>Forward rendering pipeline\Geometry stage\Dynamic mesh</Filter>
    </None>
    <None Include="models_xlens.s">
      <Filter>Forward rendering pipeline\Geometry stage\Dynamic mesh</Filter>
    </None>
    <None Include="models_xmonolith.s">
      <Filter>Forward rendering pipeline\Geometry stage\Dynamic mesh</Filter>
    </None>
    <None Include="models_xwindows.s">
      <Filter>Forward rendering pipeline\Geometry stage\Dynamic mesh</Filter>
    </None>
    <None Include="particle.ps">
      <Filter>Forward rendering pipeline\Geometry stage\Particles</Filter>
    </None>
    <None Include="particle.vs">
      <Filter>Forward rendering pipeline\Geometry stage\Particles</Filter>
    </None>
    <None Include="particle_alphaonly.ps">
      <Filter>Forward rendering pipeline\Geometry stage\Particles</Filter>
    </None>
    <None Include="particle_distort.ps">
      <Filter>Forward rendering pipeline\Geometry stage\Particles</Filter>
    </None>
    <None Include="particle2t.ps">
      <Filter>Forward rendering pipeline\Geometry stage\Particles</Filter>
    </None>
    <None Include="particles_xadd.s">
      <Filter>Forward rendering pipeline\Geometry stage\Particles</Filter>
    </None>
    <None Include="particles_xdistort.s">
      <Filter>Forward rendering pipeline\Geometry stage\Particles</Filter>
    </None>
    <None Include="clouds.ps">
      <Filter>Forward rendering pipeline\Environment stage\Clouds</Filter>
    </None>
    <None Include="clouds.s">
      <Filter>Forward rendering pipeline\Environment stage\Clouds</Filter>
    </None>
    <None Include="clouds.vs">
      <Filter>Forward rendering pipeline\Environment stage\Clouds</Filter>
    </None>
    <None Include="sky2.ps">
      <Filter>Forward rendering pipeline\Environment stage\SkyBox</Filter>
    </None>
    <None Include="sky2.vs">
      <Filter>Forward rendering pipeline\Environment stage\SkyBox</Filter>
    </None>
    <None Include="water.ps">
      <Filter>Forward rendering pipeline\Geometry stage\Water</Filter>
    </None>
    <None Include="water.vs">
      <Filter>Forward rendering pipeline\Geometry stage\Water</Filter>
    </None>
    <None Include="waterd.ps">
      <Filter>Forward rendering pipeline\Geometry stage\Water</Filter>
    </None>
    <None Include="waterd.vs">
      <Filter>Forward rendering pipeline\Geometry stage\Water</Filter>
    </None>
    <None Include="waterd_soft.ps">
      <Filter>Forward rendering pipeline\Geometry stage\Water</Filter>
    </None>
    <None Include="waterd_soft.vs">
      <Filter>Forward rendering pipeline\Geometry stage\Water</Filter>
    </None>
    <None Include="wmark.vs">
      <Filter>Forward rendering pipeline\Geometry stage\Wallmark</Filter>
    </None>
    <None Include="wmark_point.vs">
      <Filter>Forward rendering pipeline\Geometry stage\Wallmark</Filter>
    </None>
    <None Include="wmark_spot.vs">
      <Filter>Forward rendering pipeline\Geometry stage\Wallmark</Filter>
    </None>
    <None Include="base_lplanes.ps">
      <Filter>Forward rendering pipeline\Geometry stage\Light panels</Filter>
    </None>
    <None Include="base_lplanes.vs">
      <Filter>Forward rendering pipeline\Geometry stage\Light panels</Filter>
    </None>
    <None Include="effects_lightplanes.s">
      <Filter>Forward rendering pipeline\Geometry stage\Light panels</Filter>
    </None>
    <None Include="details_lod.s">
      <Filter>Forward rendering pipeline\Geometry stage\Multiple usage\Low quality</Filter>
    </None>
    <None Include="lod.ps">
      <Filter>Forward rendering pipeline\Geometry stage\Multiple usage\Low quality</Filter>
    </None>
    <None Include="lod.vs">
      <Filter>Forward rendering pipeline\Geometry stage\Multiple usage\Low quality</Filter>
    </None>
    <None Include="tree_s.vs">
      <Filter>Forward rendering pipeline\Geometry stage\Multiple usage\High quality</Filter>
    </None>
    <None Include="tree_s_dt.vs">
      <Filter>Forward rendering pipeline\Geometry stage\Multiple usage\High quality</Filter>
    </None>
    <None Include="tree_s_point.vs">
      <Filter>Forward rendering pipeline\Geometry stage\Multiple usage\High quality</Filter>
    </None>
    <None Include="tree_s_spot.vs">
      <Filter>Forward rendering pipeline\Geometry stage\Multiple usage\High quality</Filter>
    </None>
    <None Include="tree_test.vs">
      <Filter>Forward rendering pipeline\Geometry stage\Multiple usage\High quality</Filter>
    </None>
    <None Include="tree_w.vs">
      <Filter>Forward rendering pipeline\Geometry stage\Multiple usage\High quality</Filter>
    </None>
    <None Include="tree_w_dt.vs">
      <Filter>Forward rendering pipeline\Geometry stage\Multiple usage\High quality</Filter>
    </None>
    <None Include="tree_w_point.vs">
      <Filter>Forward rendering pipeline\Geometry stage\Multiple usage\High quality</Filter>
    </None>
    <None Include="tree_w_spot.vs">
      <Filter>Forward rendering pipeline\Geometry stage\Multiple usage\High quality</Filter>
    </None>
    <None Include="tree_wave.vs">
      <Filter>Forward rendering pipeline\Geometry stage\Multiple usage\High quality</Filter>
    </None>
    <None Include="tree_wave_dt.vs">
      <Filter>Forward rendering pipeline\Geometry stage\Multiple usage\High quality</Filter>
    </None>
    <None Include="tree_wave_point.vs">
      <Filter>Forward rendering pipeline\Geometry stage\Multiple usage\High quality</Filter>
    </None>
    <None Include="tree_wave_spot.vs">
      <Filter>Forward rendering pipeline\Geometry stage\Multiple usage\High quality</Filter>
    </None>
    <None Include="portal.s">
      <Filter>Forward rendering pipeline\Portals %28Occlusion culling%29</Filter>
    </None>
    <None Include="portal.vs">
      <Filter>Forward rendering pipeline\Portals %28Occlusion culling%29</Filter>
    </None>
    <None Include="postprocess.ps">
      <Filter>Forward rendering pipeline\Postprocess stage\Post process effects</Filter>
    </None>
    <None Include="postprocess.s">
      <Filter>Forward rendering pipeline\Postprocess stage\Post process effects</Filter>
    </None>
    <None Include="postprocess_d.ps">
      <Filter>Forward rendering pipeline\Postprocess stage\Post process effects</Filter>
    </None>
    <None Include="postprocess_d.s">
      <Filter>Forward rendering pipeline\Postprocess stage\Post process effects</Filter>
    </None>
    <None Include="distort.ps">
      <Filter>Forward rendering pipeline\Postprocess stage\Distortion</Filter>
    </None>
    <None Include="distort.s">
      <Filter>Forward rendering pipeline\Postprocess stage\Distortion</Filter>
    </None>
    <None Include="editor.vs">
      <Filter>Forward rendering pipeline\Postprocess stage\Distortion</Filter>
    </None>
    <None Include="effects_wallmarkblend.s">
      <Filter>Forward rendering pipeline\Geometry stage\Wallmark</Filter>
    </None>
    <None Include="effects_wallmarkmult.s">
      <Filter>Forward rendering pipeline\Geometry stage\Wallmark</Filter>
    </None>
    <None Include="effects_wallmarkset.s">
      <Filter>Forward rendering pipeline\Geometry stage\Wallmark</Filter>
    </None>
    <None Include="effects_water.s">
      <Filter>Forward rendering pipeline\Geometry stage\Water</Filter>
    </None>
    <None Include="effects_waterryaska.s">
      <Filter>Forward rendering pipeline\Geometry stage\Water</Filter>
    </None>
    <None Include="effects_waterstuden.s">
      <Filter>Forward rendering pipeline\Geometry stage\Water</Filter>
    </None>
    <None Include="hud_crosshair.s">
      <Filter>Forward rendering pipeline\UI\HUD</Filter>
    </None>
    <None Include="hud_movie.s">
      <Filter>Forward rendering pipeline\UI\HUD</Filter>
    </None>
    <None Include="yuv2rgb.ps">
      <Filter>Forward rendering pipeline\UI\Video converting</Filter>
    </None>
    <None Include="vert.ps">
      <Filter>Unsorted</Filter>
    </None>
    <None Include="vert.vs">
      <Filter>Unsorted</Filter>
    </None>
    <None Include="vert_dt.ps">
      <Filter>Unsorted</Filter>
    </None>
    <None Include="vert_dt.vs">
      <Filter>Unsorted</Filter>
    </None>
    <None Include="vert_l.ps">
      <Filter>Unsorted</Filter>
    </None>
    <None Include="vert_l.vs">
      <Filter>Unsorted</Filter>
    </None>
    <None Include="vert_point.vs">
      <Filter>Unsorted</Filter>
    </None>
    <None Include="vert_spot.vs">
      <Filter>Unsorted</Filter>
    </None>
    <None Include="add_point.ps">
      <Filter>Unsorted</Filter>
    </None>
    <None Include="add_ppa.ps">
      <Filter>Unsorted</Filter>
    </None>
    <None Include="add_spot.ps">
      <Filter>Unsorted</Filter>
    </None>
    <None Include="avg2.ps">
      <Filter>Unsorted</Filter>
    </None>
    <None Include="avg4.ps">
      <Filter>Unsorted</Filter>
    </None>
    <None Include="blur2.s">
      <Filter>Unsorted</Filter>
    </None>
    <None Include="blur4.s">
      <Filter>Unsorted</Filter>
    </None>
    <None Include="detail.ps">
      <Filter>Forward rendering pipeline\Geometry stage\Detail object</Filter>
    </None>
    <None Include="detail_still.vs">
      <Filter>Forward rendering pipeline\Geometry stage\Detail object</Filter>
    </None>
    <None Include="detail_wave.vs">
      <Filter>Forward rendering pipeline\Geometry stage\Detail object</Filter>
    </None>
    <None Include="details_blend.s">
      <Filter>Forward rendering pipeline\Geometry stage\Detail object</Filter>
    </None>
    <None Include="selflight.s">
      <Filter>Forward rendering pipeline\Geometry stage\Selflight</Filter>
    </None>
    <None Include="simple.ps">
      <Filter>Unsorted</Filter>
    </None>
    <None Include="simple.vs">
      <Filter>Unsorted</Filter>
    </None>
    <None Include="simple_color.ps">
      <Filter>Unsorted</Filter>
    </None>
    <None Include="simple_color.vs">
      <Filter>Unsorted</Filter>
    </None>
    <None Include="simple_point.vs">
      <Filter>Unsorted</Filter>
    </None>
    <None Include="simple_spot.vs">
      <Filter>Unsorted</Filter>
    </None>
    <None Include=".s">
      <Filter>Unsorted</Filter>
    </None>
    <None Include="portal.ps">
      <Filter>Unsorted</Filter>
    </None>
  </ItemGroup>
  <ItemGroup>
    <ClInclude Include="common.h">
      <Filter>Helpers\Common</Filter>
    </ClInclude>
    <ClInclude Include="common_defines.h">
      <Filter>Helpers\Common</Filter>
    </ClInclude>
    <ClInclude Include="common_functions.h">
      <Filter>Helpers\Common</Filter>
    </ClInclude>
    <ClInclude Include="common_iostructs.h">
      <Filter>Helpers\Common</Filter>
    </ClInclude>
    <ClInclude Include="common_samplers.h">
      <Filter>Helpers\Common</Filter>
    </ClInclude>
    <ClInclude Include="common_uniforms.h">
      <Filter>Helpers\Common</Filter>
    </ClInclude>
    <ClInclude Include="chromatic_abberation.h">
      <Filter>Forward rendering pipeline\Postprocess stage\Post process effects</Filter>
    </ClInclude>
    <ClInclude Include="common_shared.h">
      <Filter>Helpers\Common</Filter>
    </ClInclude>
  </ItemGroup>
  <ItemGroup>
    <Filter Include="Helpers">
      <UniqueIdentifier>{bc29ae4c-f0e1-4be5-bcf0-2be1785bb9e5}</UniqueIdentifier>
    </Filter>
    <Filter Include="Helpers\Common">
      <UniqueIdentifier>{e7263fc2-7763-4c15-ba74-578a3f26448f}</UniqueIdentifier>
    </Filter>
    <Filter Include="Forward rendering pipeline">
      <UniqueIdentifier>{6bd00bed-2c6b-49be-bae2-5655cb807ef9}</UniqueIdentifier>
    </Filter>
    <Filter Include="Forward rendering pipeline\Geometry stage">
      <UniqueIdentifier>{f8f78ae9-360c-4d30-a40e-8a8c09df8752}</UniqueIdentifier>
    </Filter>
    <Filter Include="Forward rendering pipeline\Postprocess stage">
      <UniqueIdentifier>{3d07faa0-2562-4dd6-a1ab-a32347e9cb57}</UniqueIdentifier>
    </Filter>
    <Filter Include="Forward rendering pipeline\Geometry stage\Particles">
      <UniqueIdentifier>{95995910-ef6f-420b-bb28-7aa92935c2a6}</UniqueIdentifier>
    </Filter>
    <Filter Include="Forward rendering pipeline\Geometry stage\Multiple usage">
      <UniqueIdentifier>{462c9fc3-ae68-4f89-a89a-9c2a81c2e3cb}</UniqueIdentifier>
    </Filter>
    <Filter Include="Forward rendering pipeline\Environment stage">
      <UniqueIdentifier>{b9f8107b-63db-4b98-8ce0-ea409db4aeb2}</UniqueIdentifier>
    </Filter>
    <Filter Include="Forward rendering pipeline\Environment stage\Clouds">
      <UniqueIdentifier>{b0d16b37-23c9-4c8d-8915-cb7bf492727c}</UniqueIdentifier>
    </Filter>
    <Filter Include="Forward rendering pipeline\Environment stage\SkyBox">
      <UniqueIdentifier>{099d3af1-9880-4323-8dbe-491ec5449c6b}</UniqueIdentifier>
    </Filter>
    <Filter Include="Forward rendering pipeline\Geometry stage\Dynamic mesh">
      <UniqueIdentifier>{7432f8df-3bd5-410f-816a-fecdabe7231e}</UniqueIdentifier>
    </Filter>
    <Filter Include="Forward rendering pipeline\Geometry stage\Static mesh">
      <UniqueIdentifier>{6d55e499-9140-440d-b32b-94f4274356fd}</UniqueIdentifier>
    </Filter>
    <Filter Include="Forward rendering pipeline\Geometry stage\Static mesh\Lightmap lighted">
      <UniqueIdentifier>{2baa4e63-a055-41b0-b68f-03badcc966b1}</UniqueIdentifier>
    </Filter>
    <Filter Include="Forward rendering pipeline\Geometry stage\Static mesh\Implicit lighted">
      <UniqueIdentifier>{4dbb25c9-a583-4eb5-843e-e3c15a7a5c84}</UniqueIdentifier>
    </Filter>
    <Filter Include="Forward rendering pipeline\Geometry stage\Water">
      <UniqueIdentifier>{d1596332-5de6-44ba-8a7c-7ad308852274}</UniqueIdentifier>
    </Filter>
    <Filter Include="Forward rendering pipeline\Geometry stage\Wallmark">
      <UniqueIdentifier>{9a49db8c-262d-496d-8465-87ae7abbffc6}</UniqueIdentifier>
    </Filter>
    <Filter Include="Forward rendering pipeline\Geometry stage\Light panels">
      <UniqueIdentifier>{7ff64d84-7f0b-4385-be4c-9086340f18ce}</UniqueIdentifier>
    </Filter>
    <Filter Include="Forward rendering pipeline\Geometry stage\Multiple usage\Low quality">
      <UniqueIdentifier>{3e1ef16d-ef24-4ad9-9171-5995644329dc}</UniqueIdentifier>
    </Filter>
    <Filter Include="Forward rendering pipeline\Geometry stage\Multiple usage\High quality">
      <UniqueIdentifier>{0bd9549a-1e36-478a-a722-f1695c172ee9}</UniqueIdentifier>
    </Filter>
    <Filter Include="Forward rendering pipeline\Portals %28Occlusion culling%29">
      <UniqueIdentifier>{80f76b50-08d4-47e8-b468-539c66a66339}</UniqueIdentifier>
    </Filter>
    <Filter Include="Forward rendering pipeline\Postprocess stage\Post process effects">
      <UniqueIdentifier>{bb666947-437f-4b03-906d-95ce84968691}</UniqueIdentifier>
    </Filter>
    <Filter Include="Forward rendering pipeline\Postprocess stage\Distortion">
      <UniqueIdentifier>{1b082335-cb28-4bb6-b590-ca3edf97b2c3}</UniqueIdentifier>
    </Filter>
    <Filter Include="Forward rendering pipeline\UI">
      <UniqueIdentifier>{4731b7dd-0bb2-421c-96f7-50e893ab2310}</UniqueIdentifier>
    </Filter>
    <Filter Include="Forward rendering pipeline\UI\HUD">
      <UniqueIdentifier>{53b9152a-3ae7-4ef3-bb21-ef11b28629a9}</UniqueIdentifier>
    </Filter>
    <Filter Include="Forward rendering pipeline\UI\Video converting">
      <UniqueIdentifier>{b326cbde-7c51-4829-9528-d3cfffe19f2d}</UniqueIdentifier>
    </Filter>
    <Filter Include="Forward rendering pipeline\Geometry stage\Detail object">
      <UniqueIdentifier>{ad2d1ea4-fd34-4f2d-b2f8-7fdb006fdd80}</UniqueIdentifier>
    </Filter>
    <Filter Include="Forward rendering pipeline\Geometry stage\Selflight">
      <UniqueIdentifier>{74fb2e09-f44b-41eb-8a91-1898d8fadc53}</UniqueIdentifier>
    </Filter>
    <Filter Include="Unsorted">
      <UniqueIdentifier>{1111a807-269d-4f84-80d9-676c42ffd714}</UniqueIdentifier>
    </Filter>
  </ItemGroup>
</Project>