
Microsoft Visual Studio Solution File, Format Version 12.00
# Visual Studio Version 16
VisualStudioVersion = 16.0.32228.343
MinimumVisualStudioVersion = 10.0.40219.1
Project("{8BC9CEB8-8B4A-11D0-8D11-00A0C91BC942}") = "SM3.0 X-Ray Engine Shaders", "sm_3_0\SM3.0 X-Ray Engine Shaders.vcxproj", "{E27D3328-904A-4AA1-B62F-932A7AA0A614}"
EndProject
Project("{8BC9CEB8-8B4A-11D0-8D11-00A0C91BC942}") = "SM2.0 X-Ray Engine Shaders", "sm_2_0\SM2.0 X-Ray Engine Shaders.vcxproj", "{9D33854E-5BFE-4C57-9BD3-DC823F41DB36}"
EndProject
Global
	GlobalSection(SolutionConfigurationPlatforms) = preSolution
		Debug|x64 = Debug|x64
		Debug|x86 = Debug|x86
		Release|x64 = Release|x64
		Release|x86 = Release|x86
	EndGlobalSection
	GlobalSection(ProjectConfigurationPlatforms) = postSolution
		{E27D3328-904A-4AA1-B62F-932A7AA0A614}.Debug|x64.ActiveCfg = Debug|x64
		{E27D3328-904A-4AA1-B62F-932A7AA0A614}.Debug|x64.Build.0 = Debug|x64
		{E27D3328-904A-4AA1-B62F-932A7AA0A614}.Debug|x86.ActiveCfg = Debug|Win32
		{E27D3328-904A-4AA1-B62F-932A7AA0A614}.Debug|x86.Build.0 = Debug|Win32
		{E27D3328-904A-4AA1-B62F-932A7AA0A614}.Release|x64.ActiveCfg = Release|x64
		{E27D3328-904A-4AA1-B62F-932A7AA0A614}.Release|x64.Build.0 = Release|x64
		{E27D3328-904A-4AA1-B62F-932A7AA0A614}.Release|x86.ActiveCfg = Release|Win32
		{E27D3328-904A-4AA1-B62F-932A7AA0A614}.Release|x86.Build.0 = Release|Win32
		{9D33854E-5BFE-4C57-9BD3-DC823F41DB36}.Debug|x64.ActiveCfg = Debug|x64
		{9D33854E-5BFE-4C57-9BD3-DC823F41DB36}.Debug|x64.Build.0 = Debug|x64
		{9D33854E-5BFE-4C57-9BD3-DC823F41DB36}.Debug|x86.ActiveCfg = Debug|Win32
		{9D33854E-5BFE-4C57-9BD3-DC823F41DB36}.Debug|x86.Build.0 = Debug|Win32
		{9D33854E-5BFE-4C57-9BD3-DC823F41DB36}.Release|x64.ActiveCfg = Release|x64
		{9D33854E-5BFE-4C57-9BD3-DC823F41DB36}.Release|x64.Build.0 = Release|x64
		{9D33854E-5BFE-4C57-9BD3-DC823F41DB36}.Release|x86.ActiveCfg = Release|Win32
		{9D33854E-5BFE-4C57-9BD3-DC823F41DB36}.Release|x86.Build.0 = Release|Win32
	EndGlobalSection
	GlobalSection(SolutionProperties) = preSolution
		HideSolutionNode = FALSE
	EndGlobalSection
	GlobalSection(ExtensibilityGlobals) = postSolution
		SolutionGuid = {E17C9118-CC26-4256-A670-81F4F86408B6}
	EndGlobalSection
EndGlobal
