<?xml version="1.0" encoding="utf-8"?>
<Project ToolsVersion="4.0" xmlns="http://schemas.microsoft.com/developer/msbuild/2003">
  <ItemGroup>
    <Filter Include="Effects">
      <UniqueIdentifier>{9c3c225d-4810-4630-97db-b4c6cef5d5a8}</UniqueIdentifier>
    </Filter>
    <Filter Include="Common">
      <UniqueIdentifier>{9b98ac8c-8370-4a5e-9419-44e82c840453}</UniqueIdentifier>
    </Filter>
    <Filter Include="Skinning">
      <UniqueIdentifier>{66afa5af-5ec3-45d1-8db1-b5894a5a9774}</UniqueIdentifier>
    </Filter>
    <Filter Include="Z-Buffer">
      <UniqueIdentifier>{865bffd3-69a7-4112-9453-a1477268e614}</UniqueIdentifier>
    </Filter>
  </ItemGroup>
  <ItemGroup>
    <ClInclude Include="fog.xrh">
      <Filter>Effects</Filter>
    </ClInclude>
    <ClInclude Include="shared.xrh">
      <Filter>Common</Filter>
    </ClInclude>
    <ClInclude Include="shared_uniforms.xrh">
      <Filter>Common</Filter>
    </ClInclude>
    <ClInclude Include="skinning.xrh">
      <Filter>Skinning</Filter>
    </ClInclude>
    <ClInclude Include="shared_functions.xrh">
      <Filter>Common</Filter>
    </ClInclude>
    <ClInclude Include="shared_iostructs.xrh">
      <Filter>Common</Filter>
    </ClInclude>
    <ClInclude Include="shared_math.xrh">
      <Filter>Common</Filter>
    </ClInclude>
    <ClInclude Include="shared_defines.xrh">
      <Filter>Common</Filter>
    </ClInclude>
    <ClInclude Include="zbuffer.xrh">
      <Filter>Z-Buffer</Filter>
    </ClInclude>
    <ClInclude Include="depth_of_field_common.xrh">
      <Filter>Effects</Filter>
    </ClInclude>
    <ClInclude Include="shared_constants.xrh">
      <Filter>Common</Filter>
    </ClInclude>
    <ClInclude Include="chromatic_abberations.xrh">
      <Filter>Effects</Filter>
    </ClInclude>
    <ClInclude Include="tonemapping.xrh">
      <Filter>Effects</Filter>
    </ClInclude>
  </ItemGroup>
</Project>